{
    "_readme": [
        "This file locks the dependencies of your project to a known state",
        "Read more about it at https://getcomposer.org/doc/01-basic-usage.md#installing-dependencies",
        "This file is @generated automatically"
    ],
    "content-hash": "7b7ee2b4c97a557d3efafa27a2aa7332",
    "packages": [
        {
            "name": "dimtrov/dframework",
            "version": "3.3.4",
            "source": {
                "type": "git",
                "url": "https://github.com/Dimtrov/dframework.git",
                "reference": "da2e0eeae4cc2762ac0c2bd973f53a2047b7ea68"
            },
            "dist": {
                "type": "zip",
                "url": "https://api.github.com/repos/Dimtrov/dframework/zipball/da2e0eeae4cc2762ac0c2bd973f53a2047b7ea68",
                "reference": "da2e0eeae4cc2762ac0c2bd973f53a2047b7ea68",
                "shasum": ""
            },
            "require": {
                "ext-curl": "*",
                "ext-dom": "*",
                "ext-fileinfo": "*",
                "ext-intl": "*",
                "ext-json": "*",
                "ext-mbstring": "*",
                "ext-openssl": "*",
                "ext-pdo": "*",
                "ext-reflection": "*",
                "ext-xml": "*",
                "php": ">=7.2"
            },
            "require-dev": {
                "fakerphp/faker": "^1.14"
            },
            "type": "project",
            "autoload": {
                "psr-4": {
                    "dFramework\\": "system/"
                }
            },
            "notification-url": "https://packagist.org/downloads/",
            "license": [
                "MPL-2.0"
            ],
            "authors": [
                {
                    "name": "Dimitric Sitchet Tomkeu",
                    "email": "devcode.dst@gmail.com",
                    "homepage": "http://dst.totalh.net",
                    "role": "Developer, CEO"
                }
            ],
            "description": "The simplest PHP framework for beginners",
            "homepage": "http://dframework.totalh.net",
            "keywords": [
                "beginners",
                "dframework",
                "dimtrov",
                "framework",
                "php"
            ],
            "support": {
                "forum": "http://dframework.totalh.net/web/forum",
                "issues": "https://github.com/Dimtrov/dframework/issues",
                "source": "https://github.com/Dimtrov/dFramework"
            },
            "time": "2021-08-25T14:30:13+00:00"
        }
    ],
    "packages-dev": [],
    "aliases": [],
    "minimum-stability": "dev",
    "stability-flags": [],
    "prefer-stable": false,
    "prefer-lowest": false,
    "platform": [],
    "platform-dev": [],
    "plugin-api-version": "2.0.0"
}
